
Microsoft Visual Studio Solution File, Format Version 12.00
# Visual Studio Version 17
VisualStudioVersion = 17.10.35013.160
MinimumVisualStudioVersion = 10.0.40219.1
Project("{FAE04EC0-301F-11D3-BF4B-00C04F79EFBC}") = "Lab10", "Lab10\Lab10.csproj", "{F6502161-BAA9-40C3-AD9E-6B44C80E2FFE}"
EndProject
Global
	GlobalSection(SolutionConfigurationPlatforms) = preSolution
		Debug|Any CPU = Debug|Any CPU
		Release|Any CPU = Release|Any CPU
	EndGlobalSection
	GlobalSection(ProjectConfigurationPlatforms) = postSolution
		{F6502161-BAA9-40C3-AD9E-6B44C80E2FFE}.Debug|Any CPU.ActiveCfg = Debug|Any CPU
		{F6502161-BAA9-40C3-AD9E-6B44C80E2FFE}.Debug|Any CPU.Build.0 = Debug|Any CPU
		{F6502161-BAA9-40C3-AD9E-6B44C80E2FFE}.Release|Any CPU.ActiveCfg = Release|Any CPU
		{F6502161-BAA9-40C3-AD9E-6B44C80E2FFE}.Release|Any CPU.Build.0 = Release|Any CPU
	EndGlobalSection
	GlobalSection(SolutionProperties) = preSolution
		HideSolutionNode = FALSE
	EndGlobalSection
	GlobalSection(ExtensibilityGlobals) = postSolution
		SolutionGuid = {4B9830AA-C443-4130-8FAC-1A5A8210E13C}
	EndGlobalSection
EndGlobal
