
Microsoft Visual Studio Solution File, Format Version 12.00
# Visual Studio Version 17
VisualStudioVersion = 17.10.35013.160
MinimumVisualStudioVersion = 10.0.40219.1
Project("{FAE04EC0-301F-11D3-BF4B-00C04F79EFBC}") = "Lab08", "Lab08\Lab08.csproj", "{A420590F-DB15-4615-AC90-2D2312604FDF}"
EndProject
Global
	GlobalSection(SolutionConfigurationPlatforms) = preSolution
		Debug|Any CPU = Debug|Any CPU
		Release|Any CPU = Release|Any CPU
	EndGlobalSection
	GlobalSection(ProjectConfigurationPlatforms) = postSolution
		{A420590F-DB15-4615-AC90-2D2312604FDF}.Debug|Any CPU.ActiveCfg = Debug|Any CPU
		{A420590F-DB15-4615-AC90-2D2312604FDF}.Debug|Any CPU.Build.0 = Debug|Any CPU
		{A420590F-DB15-4615-AC90-2D2312604FDF}.Release|Any CPU.ActiveCfg = Release|Any CPU
		{A420590F-DB15-4615-AC90-2D2312604FDF}.Release|Any CPU.Build.0 = Release|Any CPU
	EndGlobalSection
	GlobalSection(SolutionProperties) = preSolution
		HideSolutionNode = FALSE
	EndGlobalSection
	GlobalSection(ExtensibilityGlobals) = postSolution
		SolutionGuid = {80EFDBF5-7ACA-4125-A8E6-D30A34784730}
	EndGlobalSection
EndGlobal
